{
    "_readme": [
        "This file locks the dependencies of your project to a known state",
        "Read more about it at https://getcomposer.org/doc/01-basic-usage.md#composer-lock-the-lock-file",
        "This file is @generated automatically"
    ],
    "hash": "d3c8f3ea8c4b01a90f1978ae06a4705d",
    "content-hash": "7d134e1ec3326aa9f1425f9f0969d10e",
    "packages": [
        {
            "name": "CommonAccord/cmacc-ui",
            "version": "dev-master",
            "source": {
                "type": "git",
                "url": "https://github.com/UMKC-Law/cmacc-ui.git",
                "reference": "8f2f244cf32681c3fea87a83234cd7a9c337ad3a"
            },
            "dist": {
                "type": "zip",
                "url": "https://api.github.com/repos/UMKC-Law/cmacc-ui/zipball/8f2f244cf32681c3fea87a83234cd7a9c337ad3a",
                "reference": "8f2f244cf32681c3fea87a83234cd7a9c337ad3a",
                "shasum": ""
            },
            "type": "library",
            "support": {
                "source": "https://github.com/UMKC-Law/cmacc-ui/tree/master",
                "issues": "https://github.com/UMKC-Law/cmacc-ui/issues"
            },
            "time": "2015-11-12 04:03:42"
        }
    ],
    "packages-dev": [],
    "aliases": [],
    "minimum-stability": "stable",
    "stability-flags": {
        "commonaccord/cmacc-ui": 20
    },
    "prefer-stable": false,
    "prefer-lowest": false,
    "platform": [],
    "platform-dev": []
}
